{
  "name": "Project_Portfolio",
  "lockfileVersion": 2,
  "requires": true,
  "packages": {
    "": {
      "dependencies": {
        "cobe": "^0.6.3"
      }
    },
    "node_modules/cobe": {
      "version": "0.6.3",
      "resolved": "https://registry.npmjs.org/cobe/-/cobe-0.6.3.tgz",
      "integrity": "sha512-WHr7X4o1ym94GZ96h7b1pNemZJacbOzd02dZtnVwuC4oWBaLg96PBmp2rIS1SAhUDhhC/QyS9WEqkpZIs/ZBTg==",
      "dependencies": {
        "phenomenon": "^1.6.0"
      }
    },
    "node_modules/phenomenon": {
      "version": "1.6.0",
      "resolved": "https://registry.npmjs.org/phenomenon/-/phenomenon-1.6.0.tgz",
      "integrity": "sha512-7h9/fjPD3qNlgggzm88cY58l9sudZ6Ey+UmZsizfhtawO6E3srZQXywaNm2lBwT72TbpHYRPy7ytIHeBUD/G0A=="
    }
  },
  "dependencies": {
    "cobe": {
      "version": "0.6.3",
      "resolved": "https://registry.npmjs.org/cobe/-/cobe-0.6.3.tgz",
      "integrity": "sha512-WHr7X4o1ym94GZ96h7b1pNemZJacbOzd02dZtnVwuC4oWBaLg96PBmp2rIS1SAhUDhhC/QyS9WEqkpZIs/ZBTg==",
      "requires": {
        "phenomenon": "^1.6.0"
      }
    },
    "phenomenon": {
      "version": "1.6.0",
      "resolved": "https://registry.npmjs.org/phenomenon/-/phenomenon-1.6.0.tgz",
      "integrity": "sha512-7h9/fjPD3qNlgggzm88cY58l9sudZ6Ey+UmZsizfhtawO6E3srZQXywaNm2lBwT72TbpHYRPy7ytIHeBUD/G0A=="
    }
  }
}
